
Microsoft Visual Studio Solution File, Format Version 12.00
# Visual Studio Version 16
VisualStudioVersion = 16.0.29424.173
MinimumVisualStudioVersion = 10.0.40219.1
Project("{FAE04EC0-301F-11D3-BF4B-00C04F79EFBC}") = "WebApplicationTemplate.API", "WebApplicationTemplate.API\WebApplicationTemplate.API.csproj", "{09756679-C7ED-4F93-832D-82F505F30187}"
EndProject
Global
	GlobalSection(SolutionConfigurationPlatforms) = preSolution
		Debug|Any CPU = Debug|Any CPU
		Release|Any CPU = Release|Any CPU
	EndGlobalSection
	GlobalSection(ProjectConfigurationPlatforms) = postSolution
		{09756679-C7ED-4F93-832D-82F505F30187}.Debug|Any CPU.ActiveCfg = Debug|Any CPU
		{09756679-C7ED-4F93-832D-82F505F30187}.Debug|Any CPU.Build.0 = Debug|Any CPU
		{09756679-C7ED-4F93-832D-82F505F30187}.Release|Any CPU.ActiveCfg = Release|Any CPU
		{09756679-C7ED-4F93-832D-82F505F30187}.Release|Any CPU.Build.0 = Release|Any CPU
	EndGlobalSection
	GlobalSection(SolutionProperties) = preSolution
		HideSolutionNode = FALSE
	EndGlobalSection
	GlobalSection(ExtensibilityGlobals) = postSolution
		SolutionGuid = {F3457741-A843-40C1-90A4-55D86227D3EC}
	EndGlobalSection
EndGlobal
